{
  "name": "items_game.txt",
  "lockfileVersion": 3,
  "requires": true,
  "packages": {
    "": {
      "dependencies": {
        "@node-steam/vdf": "^2.2.0",
        "chardet": "^1.6.0",
        "kvparser": "^1.0.2",
        "vdf-parser": "^1.2.1"
      }
    },
    "node_modules/@node-steam/vdf": {
      "version": "2.2.0",
      "resolved": "https://registry.npmjs.org/@node-steam/vdf/-/vdf-2.2.0.tgz",
      "integrity": "sha512-YCfIPsIpyrtOP5AdsarjPqjTElVFrXJlWedWNzjCaIeam06v9ebYgApRAcw9b93awNDboTEiHFMnCvlJJHqKcA==",
      "engines": {
        "node": ">=8.0.0"
      }
    },
    "node_modules/chardet": {
      "version": "1.6.0",
      "resolved": "https://registry.npmjs.org/chardet/-/chardet-1.6.0.tgz",
      "integrity": "sha512-+QOTw3otC4+FxdjK9RopGpNOglADbr4WPFi0SonkO99JbpkTPbMxmdm4NenhF5Zs+4gPXLI1+y2uazws5TMe8w=="
    },
    "node_modules/kvparser": {
      "version": "1.0.2",
      "resolved": "https://registry.npmjs.org/kvparser/-/kvparser-1.0.2.tgz",
      "integrity": "sha512-5P/5qpTAHjVYWqcI55B3yQwSY2FUrYYrJj5i65V1Wmg7/4W4OnBcaodaEvLyVuugeOnS+BAaKm9LbPazGJcRyA==",
      "engines": {
        "node": ">=4.0.0"
      }
    },
    "node_modules/vdf-parser": {
      "version": "1.2.1",
      "resolved": "https://registry.npmjs.org/vdf-parser/-/vdf-parser-1.2.1.tgz",
      "integrity": "sha512-g5c73LP8NSebruEiVjOpV6KlN6xgVXBXc5UbexHWzjkatLJR++gUBhg76YqfJ9j4ZLfZ+Hv00592uiDywR+dWg=="
    }
  }
}
